
Microsoft Visual Studio Solution File, Format Version 12.00
# Visual Studio Version 16
VisualStudioVersion = 16.0.31129.286
MinimumVisualStudioVersion = 10.0.40219.1
Project("{FAE04EC0-301F-11D3-BF4B-00C04F79EFBC}") = "InternetExplores", "InternetExplores\InternetExplores.csproj", "{72517314-878E-46B7-955F-2DDAC2A312AA}"
EndProject
Global
	GlobalSection(SolutionConfigurationPlatforms) = preSolution
		Debug|Any CPU = Debug|Any CPU
		Release|Any CPU = Release|Any CPU
	EndGlobalSection
	GlobalSection(ProjectConfigurationPlatforms) = postSolution
		{72517314-878E-46B7-955F-2DDAC2A312AA}.Debug|Any CPU.ActiveCfg = Debug|Any CPU
		{72517314-878E-46B7-955F-2DDAC2A312AA}.Debug|Any CPU.Build.0 = Debug|Any CPU
		{72517314-878E-46B7-955F-2DDAC2A312AA}.Release|Any CPU.ActiveCfg = Release|Any CPU
		{72517314-878E-46B7-955F-2DDAC2A312AA}.Release|Any CPU.Build.0 = Release|Any CPU
	EndGlobalSection
	GlobalSection(SolutionProperties) = preSolution
		HideSolutionNode = FALSE
	EndGlobalSection
	GlobalSection(ExtensibilityGlobals) = postSolution
		SolutionGuid = {4B55ADB9-5C2C-4376-A239-0C1497C68679}
	EndGlobalSection
EndGlobal
